
Microsoft Visual Studio Solution File, Format Version 12.00
# Visual Studio Version 17
VisualStudioVersion = 17.5.33424.131
MinimumVisualStudioVersion = 10.0.40219.1
Project("{9A19103F-16F7-4668-BE54-9A1E7A4F7556}") = "Projeto.Dominio", "Projeto.Dominio\Projeto.Dominio.csproj", "{27D175A5-8B98-484D-B49E-73153AB0021E}"
EndProject
Project("{9A19103F-16F7-4668-BE54-9A1E7A4F7556}") = "Projeto.Aplicacao", "Projeto.Aplicacao\Projeto.Aplicacao.csproj", "{E6B046B1-8C90-4A4D-8821-DE46EABF85D6}"
EndProject
Project("{9A19103F-16F7-4668-BE54-9A1E7A4F7556}") = "Projeto.Infra", "Projeto.Infra\Projeto.Infra.csproj", "{F08140E5-E3FE-4786-A622-799FCEED8C9F}"
EndProject
Project("{9A19103F-16F7-4668-BE54-9A1E7A4F7556}") = "Projeto.WebApi", "Projeto.WebApi\Projeto.WebApi.csproj", "{F0137302-EADC-4C84-BDF3-1121BCF9BE3C}"
EndProject
Project("{2150E333-8FDC-42A3-9474-1A3956D46DE8}") = "Testes", "Testes", "{D5097319-572E-48AF-B9E2-FF7A876F5C0C}"
EndProject
Project("{9A19103F-16F7-4668-BE54-9A1E7A4F7556}") = "Projeto.TestesDeUnidade", "LennonProjeto.TestesDeUnidade\Projeto.TestesDeUnidade.csproj", "{C1ECC79C-EB05-46FF-8974-5E72C0240924}"
EndProject
Global
	GlobalSection(SolutionConfigurationPlatforms) = preSolution
		Debug|Any CPU = Debug|Any CPU
		Release|Any CPU = Release|Any CPU
	EndGlobalSection
	GlobalSection(ProjectConfigurationPlatforms) = postSolution
		{27D175A5-8B98-484D-B49E-73153AB0021E}.Debug|Any CPU.ActiveCfg = Debug|Any CPU
		{27D175A5-8B98-484D-B49E-73153AB0021E}.Debug|Any CPU.Build.0 = Debug|Any CPU
		{27D175A5-8B98-484D-B49E-73153AB0021E}.Release|Any CPU.ActiveCfg = Release|Any CPU
		{27D175A5-8B98-484D-B49E-73153AB0021E}.Release|Any CPU.Build.0 = Release|Any CPU
		{E6B046B1-8C90-4A4D-8821-DE46EABF85D6}.Debug|Any CPU.ActiveCfg = Debug|Any CPU
		{E6B046B1-8C90-4A4D-8821-DE46EABF85D6}.Debug|Any CPU.Build.0 = Debug|Any CPU
		{E6B046B1-8C90-4A4D-8821-DE46EABF85D6}.Release|Any CPU.ActiveCfg = Release|Any CPU
		{E6B046B1-8C90-4A4D-8821-DE46EABF85D6}.Release|Any CPU.Build.0 = Release|Any CPU
		{F08140E5-E3FE-4786-A622-799FCEED8C9F}.Debug|Any CPU.ActiveCfg = Debug|Any CPU
		{F08140E5-E3FE-4786-A622-799FCEED8C9F}.Debug|Any CPU.Build.0 = Debug|Any CPU
		{F08140E5-E3FE-4786-A622-799FCEED8C9F}.Release|Any CPU.ActiveCfg = Release|Any CPU
		{F08140E5-E3FE-4786-A622-799FCEED8C9F}.Release|Any CPU.Build.0 = Release|Any CPU
		{F0137302-EADC-4C84-BDF3-1121BCF9BE3C}.Debug|Any CPU.ActiveCfg = Debug|Any CPU
		{F0137302-EADC-4C84-BDF3-1121BCF9BE3C}.Debug|Any CPU.Build.0 = Debug|Any CPU
		{F0137302-EADC-4C84-BDF3-1121BCF9BE3C}.Release|Any CPU.ActiveCfg = Release|Any CPU
		{F0137302-EADC-4C84-BDF3-1121BCF9BE3C}.Release|Any CPU.Build.0 = Release|Any CPU
		{C1ECC79C-EB05-46FF-8974-5E72C0240924}.Debug|Any CPU.ActiveCfg = Debug|Any CPU
		{C1ECC79C-EB05-46FF-8974-5E72C0240924}.Debug|Any CPU.Build.0 = Debug|Any CPU
		{C1ECC79C-EB05-46FF-8974-5E72C0240924}.Release|Any CPU.ActiveCfg = Release|Any CPU
		{C1ECC79C-EB05-46FF-8974-5E72C0240924}.Release|Any CPU.Build.0 = Release|Any CPU
	EndGlobalSection
	GlobalSection(SolutionProperties) = preSolution
		HideSolutionNode = FALSE
	EndGlobalSection
	GlobalSection(NestedProjects) = preSolution
		{C1ECC79C-EB05-46FF-8974-5E72C0240924} = {D5097319-572E-48AF-B9E2-FF7A876F5C0C}
	EndGlobalSection
	GlobalSection(ExtensibilityGlobals) = postSolution
		SolutionGuid = {7C4D7A7F-BD10-449B-947F-F09B9FEFD29E}
	EndGlobalSection
EndGlobal
